
Microsoft Visual Studio Solution File, Format Version 12.00
# Visual Studio Version 16
VisualStudioVersion = 16.0.30804.86
MinimumVisualStudioVersion = 10.0.40219.1
Project("{FAE04EC0-301F-11D3-BF4B-00C04F79EFBC}") = "WpfApplication1", "WpfApplication1\WpfApplication1.csproj", "{FB15A29A-DECB-4AAF-B76E-3601698D3589}"
EndProject
Project("{FAE04EC0-301F-11D3-BF4B-00C04F79EFBC}") = "WpfApplication2", "WpfApplication2\WpfApplication2.csproj", "{EE4C8095-B91B-47BE-8052-A1542A68A959}"
EndProject
Project("{FAE04EC0-301F-11D3-BF4B-00C04F79EFBC}") = "WpfApplication3", "WpfApplication3\WpfApplication3.csproj", "{AF01F418-175B-402B-85EE-2B56BCF79BA0}"
EndProject
Project("{FAE04EC0-301F-11D3-BF4B-00C04F79EFBC}") = "WpfApplication4", "WpfApplication4\WpfApplication4.csproj", "{500EF3A7-4008-4069-B12C-A5166A3356FC}"
EndProject
Project("{FAE04EC0-301F-11D3-BF4B-00C04F79EFBC}") = "WpfApplication5", "WpfApplication5\WpfApplication5.csproj", "{4F403956-217A-4BBB-9105-AD90556858B7}"
EndProject
Project("{FAE04EC0-301F-11D3-BF4B-00C04F79EFBC}") = "WpfApplication6", "WpfApplication6\WpfApplication6.csproj", "{E095C967-3F1C-4800-B27E-CF73ACDAAD68}"
EndProject
Project("{FAE04EC0-301F-11D3-BF4B-00C04F79EFBC}") = "WpfApplicationDome", "WpfApplicationDome\WpfApplicationDome.csproj", "{C72B0B8C-93E5-4456-8AEA-7A6A1AF13892}"
EndProject
Project("{FAE04EC0-301F-11D3-BF4B-00C04F79EFBC}") = "WpfApplicationItemTemplate", "WpfApplicationItemTemplate\WpfApplicationItemTemplate.csproj", "{5DFB6CEB-BE6E-4E60-A378-7FC545E2F5BD}"
EndProject
Project("{FAE04EC0-301F-11D3-BF4B-00C04F79EFBC}") = "WpfApplicationDataBinding", "WpfApplicationDataBinding\WpfApplicationDataBinding.csproj", "{35A4A8E1-9638-4D09-8B61-963F3766C35C}"
EndProject
Project("{FAE04EC0-301F-11D3-BF4B-00C04F79EFBC}") = "WpfApplication7Mvvm", "WpfApplication7Mvvm\WpfApplication7Mvvm.csproj", "{D3209D18-C5BC-4F57-B5B3-8C241BDF0708}"
EndProject
Project("{FAE04EC0-301F-11D3-BF4B-00C04F79EFBC}") = "com.wuqiang.courseManagement", "com.wuqiang.courseManagement\com.wuqiang.courseManagement.csproj", "{2AF40D75-0ACF-4298-A690-CDA6D0B7FD4F}"
EndProject
Project("{FAE04EC0-301F-11D3-BF4B-00C04F79EFBC}") = "com.wuqiang.Controls", "com.wuqiang.Controls\com.wuqiang.Controls.csproj", "{E73ACDA7-8F2A-42AF-9429-46A047DF998B}"
EndProject
Project("{2150E333-8FDC-42A3-9474-1A3956D46DE8}") = "PrismStudy", "PrismStudy", "{88609E5F-759D-4A0A-9602-59B199544BDD}"
EndProject
Project("{FAE04EC0-301F-11D3-BF4B-00C04F79EFBC}") = "BootstrapperShell_01", "BootstrapperShell_01\BootstrapperShell_01.csproj", "{4EDEA0EC-9543-4E95-80CF-A4BA65995611}"
EndProject
Project("{FAE04EC0-301F-11D3-BF4B-00C04F79EFBC}") = "ModulesAppConfig_02", "ModulesAppConfig_02\ModulesAppConfig_02.csproj", "{C16C007B-5175-415B-878F-AF2AEF1A83F4}"
EndProject
Project("{FAE04EC0-301F-11D3-BF4B-00C04F79EFBC}") = "ModuleA", "ModuleA\ModuleA.csproj", "{E783BDCF-C09A-4DF5-90EA-47BF91DF1B6C}"
EndProject
Project("{FAE04EC0-301F-11D3-BF4B-00C04F79EFBC}") = "ViewModelLocator_03", "ViewModelLocator_03\ViewModelLocator_03.csproj", "{F67A5157-EFD9-4AC2-92C5-5BCA0D341913}"
EndProject
Project("{FAE04EC0-301F-11D3-BF4B-00C04F79EFBC}") = "UsingDelegateCommands_04", "UsingDelegateCommands_04\UsingDelegateCommands_04.csproj", "{2F6862A7-37EA-47F7-A5D0-FEB06FA063EC}"
EndProject
Project("{2150E333-8FDC-42A3-9474-1A3956D46DE8}") = "UsingCompositeCommands_05", "UsingCompositeCommands_05", "{C59518AE-B414-4B35-9C00-6630BBC891C6}"
EndProject
Project("{FAE04EC0-301F-11D3-BF4B-00C04F79EFBC}") = "UsingCompositeCommands", "UsingCompositeCommands\UsingCompositeCommands.csproj", "{99AE5B88-F8C8-4E70-AF47-3E41534E3337}"
EndProject
Project("{FAE04EC0-301F-11D3-BF4B-00C04F79EFBC}") = "ModuleCommandsA", "ModuleCommandsA\ModuleCommandsA.csproj", "{E352F471-E4A5-4B02-9D53-C6D186CE6B01}"
EndProject
Project("{FAE04EC0-301F-11D3-BF4B-00C04F79EFBC}") = "UsingCompositeCommands.Core", "UsingCompositeCommands.Core\UsingCompositeCommands.Core.csproj", "{B2736D47-C539-47FA-904B-10995A0DB47B}"
EndProject
Project("{2150E333-8FDC-42A3-9474-1A3956D46DE8}") = "UsingEventAggregator_06", "UsingEventAggregator_06", "{88FE1D22-17E1-4F1E-AC2E-B1A674F60FD5}"
EndProject
Project("{FAE04EC0-301F-11D3-BF4B-00C04F79EFBC}") = "UsingEventAggregator", "UsingEventAggregator\UsingEventAggregator.csproj", "{9FB43C1D-74EC-4D49-8322-A21A979FE396}"
EndProject
Project("{FAE04EC0-301F-11D3-BF4B-00C04F79EFBC}") = "UsingEventAggregator.Core", "UsingEventAggregator.Core\UsingEventAggregator.Core.csproj", "{2B6845AA-6133-441F-9690-4085749D43C4}"
EndProject
Project("{FAE04EC0-301F-11D3-BF4B-00C04F79EFBC}") = "ModuleAEvent", "ModuleAEvent\ModuleAEvent.csproj", "{AE8CFB67-674E-41E1-94EF-401BC54FCAE4}"
EndProject
Project("{FAE04EC0-301F-11D3-BF4B-00C04F79EFBC}") = "ModuleBEvent", "ModuleBEvent\ModuleBEvent.csproj", "{110C6A01-08FE-4389-9544-4EACE158D1F0}"
EndProject
Project("{2150E333-8FDC-42A3-9474-1A3956D46DE8}") = "RegionContext_07", "RegionContext_07", "{BB2CC7EB-56B1-4E41-8309-D2B962BDB307}"
EndProject
Project("{FAE04EC0-301F-11D3-BF4B-00C04F79EFBC}") = "RegionContext", "RegionContext\RegionContext.csproj", "{32A01BD2-AA08-48FF-A52B-688579E38C87}"
EndProject
Project("{FAE04EC0-301F-11D3-BF4B-00C04F79EFBC}") = "RegionContextModuleA", "RegionContextModuleA\RegionContextModuleA.csproj", "{F49E80AC-FDC9-4378-8268-C1C0BC074C54}"
EndProject
Project("{2150E333-8FDC-42A3-9474-1A3956D46DE8}") = "BasicRegionNavigation_08", "BasicRegionNavigation_08", "{551B5F69-AC11-4A6F-ACF6-E5C181B14178}"
EndProject
Project("{FAE04EC0-301F-11D3-BF4B-00C04F79EFBC}") = "BasicRegionNavigation", "BasicRegionNavigation\BasicRegionNavigation.csproj", "{539E861C-2A75-4DDC-950A-2CD2BBF7688C}"
EndProject
Project("{FAE04EC0-301F-11D3-BF4B-00C04F79EFBC}") = "BasicRegionNavigationModuleA", "BasicRegionNavigationModuleA\BasicRegionNavigationModuleA.csproj", "{9493945C-0C38-4870-917A-7CAF146AB3DF}"
EndProject
Project("{2150E333-8FDC-42A3-9474-1A3956D46DE8}") = "RegionMemberLiftTime_08", "RegionMemberLiftTime_08", "{45E9B0D9-6794-4346-ACD1-FA5B452DE306}"
EndProject
Project("{FAE04EC0-301F-11D3-BF4B-00C04F79EFBC}") = "RegionMemberLiftTime", "RegionMemberLiftTime\RegionMemberLiftTime.csproj", "{B9E37DEB-5C51-4F28-B75A-1A174F8C1C91}"
EndProject
Project("{FAE04EC0-301F-11D3-BF4B-00C04F79EFBC}") = "RegionMemberLiftTimeAModule", "RegionMemberLiftTimeAModule\RegionMemberLiftTimeAModule.csproj", "{37F9E371-6582-4E4B-A912-BDEF94D1FF8A}"
EndProject
Project("{2150E333-8FDC-42A3-9474-1A3956D46DE8}") = "UsingDialogSevice_09", "UsingDialogSevice_09", "{22203369-7326-4AC2-B8C3-4AD1CF797342}"
EndProject
Project("{FAE04EC0-301F-11D3-BF4B-00C04F79EFBC}") = "UsingDialogService", "UsingDialogService\UsingDialogService.csproj", "{CEBE178B-C2E4-48AC-A882-4F2967F21880}"
EndProject
Project("{2150E333-8FDC-42A3-9474-1A3956D46DE8}") = "UsingInvokeCommandAction_09", "UsingInvokeCommandAction_09", "{2410D466-7B46-4C55-8746-240F9953A44F}"
EndProject
Project("{FAE04EC0-301F-11D3-BF4B-00C04F79EFBC}") = "UsingInvokeCommandAction", "UsingInvokeCommandAction\UsingInvokeCommandAction.csproj", "{D34FCD88-0049-4D6E-B9BA-286838829BCC}"
EndProject
Global
	GlobalSection(SolutionConfigurationPlatforms) = preSolution
		Debug|Any CPU = Debug|Any CPU
		Release|Any CPU = Release|Any CPU
	EndGlobalSection
	GlobalSection(ProjectConfigurationPlatforms) = postSolution
		{FB15A29A-DECB-4AAF-B76E-3601698D3589}.Debug|Any CPU.ActiveCfg = Debug|Any CPU
		{FB15A29A-DECB-4AAF-B76E-3601698D3589}.Debug|Any CPU.Build.0 = Debug|Any CPU
		{FB15A29A-DECB-4AAF-B76E-3601698D3589}.Release|Any CPU.ActiveCfg = Release|Any CPU
		{FB15A29A-DECB-4AAF-B76E-3601698D3589}.Release|Any CPU.Build.0 = Release|Any CPU
		{EE4C8095-B91B-47BE-8052-A1542A68A959}.Debug|Any CPU.ActiveCfg = Debug|Any CPU
		{EE4C8095-B91B-47BE-8052-A1542A68A959}.Debug|Any CPU.Build.0 = Debug|Any CPU
		{EE4C8095-B91B-47BE-8052-A1542A68A959}.Release|Any CPU.ActiveCfg = Release|Any CPU
		{EE4C8095-B91B-47BE-8052-A1542A68A959}.Release|Any CPU.Build.0 = Release|Any CPU
		{AF01F418-175B-402B-85EE-2B56BCF79BA0}.Debug|Any CPU.ActiveCfg = Debug|Any CPU
		{AF01F418-175B-402B-85EE-2B56BCF79BA0}.Debug|Any CPU.Build.0 = Debug|Any CPU
		{AF01F418-175B-402B-85EE-2B56BCF79BA0}.Release|Any CPU.ActiveCfg = Release|Any CPU
		{AF01F418-175B-402B-85EE-2B56BCF79BA0}.Release|Any CPU.Build.0 = Release|Any CPU
		{500EF3A7-4008-4069-B12C-A5166A3356FC}.Debug|Any CPU.ActiveCfg = Debug|Any CPU
		{500EF3A7-4008-4069-B12C-A5166A3356FC}.Debug|Any CPU.Build.0 = Debug|Any CPU
		{500EF3A7-4008-4069-B12C-A5166A3356FC}.Release|Any CPU.ActiveCfg = Release|Any CPU
		{500EF3A7-4008-4069-B12C-A5166A3356FC}.Release|Any CPU.Build.0 = Release|Any CPU
		{4F403956-217A-4BBB-9105-AD90556858B7}.Debug|Any CPU.ActiveCfg = Debug|Any CPU
		{4F403956-217A-4BBB-9105-AD90556858B7}.Debug|Any CPU.Build.0 = Debug|Any CPU
		{4F403956-217A-4BBB-9105-AD90556858B7}.Release|Any CPU.ActiveCfg = Release|Any CPU
		{4F403956-217A-4BBB-9105-AD90556858B7}.Release|Any CPU.Build.0 = Release|Any CPU
		{E095C967-3F1C-4800-B27E-CF73ACDAAD68}.Debug|Any CPU.ActiveCfg = Debug|Any CPU
		{E095C967-3F1C-4800-B27E-CF73ACDAAD68}.Debug|Any CPU.Build.0 = Debug|Any CPU
		{E095C967-3F1C-4800-B27E-CF73ACDAAD68}.Release|Any CPU.ActiveCfg = Release|Any CPU
		{E095C967-3F1C-4800-B27E-CF73ACDAAD68}.Release|Any CPU.Build.0 = Release|Any CPU
		{C72B0B8C-93E5-4456-8AEA-7A6A1AF13892}.Debug|Any CPU.ActiveCfg = Debug|Any CPU
		{C72B0B8C-93E5-4456-8AEA-7A6A1AF13892}.Debug|Any CPU.Build.0 = Debug|Any CPU
		{C72B0B8C-93E5-4456-8AEA-7A6A1AF13892}.Release|Any CPU.ActiveCfg = Release|Any CPU
		{C72B0B8C-93E5-4456-8AEA-7A6A1AF13892}.Release|Any CPU.Build.0 = Release|Any CPU
		{5DFB6CEB-BE6E-4E60-A378-7FC545E2F5BD}.Debug|Any CPU.ActiveCfg = Debug|Any CPU
		{5DFB6CEB-BE6E-4E60-A378-7FC545E2F5BD}.Debug|Any CPU.Build.0 = Debug|Any CPU
		{5DFB6CEB-BE6E-4E60-A378-7FC545E2F5BD}.Release|Any CPU.ActiveCfg = Release|Any CPU
		{5DFB6CEB-BE6E-4E60-A378-7FC545E2F5BD}.Release|Any CPU.Build.0 = Release|Any CPU
		{35A4A8E1-9638-4D09-8B61-963F3766C35C}.Debug|Any CPU.ActiveCfg = Debug|Any CPU
		{35A4A8E1-9638-4D09-8B61-963F3766C35C}.Debug|Any CPU.Build.0 = Debug|Any CPU
		{35A4A8E1-9638-4D09-8B61-963F3766C35C}.Release|Any CPU.ActiveCfg = Release|Any CPU
		{35A4A8E1-9638-4D09-8B61-963F3766C35C}.Release|Any CPU.Build.0 = Release|Any CPU
		{D3209D18-C5BC-4F57-B5B3-8C241BDF0708}.Debug|Any CPU.ActiveCfg = Debug|Any CPU
		{D3209D18-C5BC-4F57-B5B3-8C241BDF0708}.Debug|Any CPU.Build.0 = Debug|Any CPU
		{D3209D18-C5BC-4F57-B5B3-8C241BDF0708}.Release|Any CPU.ActiveCfg = Release|Any CPU
		{D3209D18-C5BC-4F57-B5B3-8C241BDF0708}.Release|Any CPU.Build.0 = Release|Any CPU
		{2AF40D75-0ACF-4298-A690-CDA6D0B7FD4F}.Debug|Any CPU.ActiveCfg = Debug|Any CPU
		{2AF40D75-0ACF-4298-A690-CDA6D0B7FD4F}.Debug|Any CPU.Build.0 = Debug|Any CPU
		{2AF40D75-0ACF-4298-A690-CDA6D0B7FD4F}.Release|Any CPU.ActiveCfg = Release|Any CPU
		{2AF40D75-0ACF-4298-A690-CDA6D0B7FD4F}.Release|Any CPU.Build.0 = Release|Any CPU
		{E73ACDA7-8F2A-42AF-9429-46A047DF998B}.Debug|Any CPU.ActiveCfg = Debug|Any CPU
		{E73ACDA7-8F2A-42AF-9429-46A047DF998B}.Debug|Any CPU.Build.0 = Debug|Any CPU
		{E73ACDA7-8F2A-42AF-9429-46A047DF998B}.Release|Any CPU.ActiveCfg = Release|Any CPU
		{E73ACDA7-8F2A-42AF-9429-46A047DF998B}.Release|Any CPU.Build.0 = Release|Any CPU
		{4EDEA0EC-9543-4E95-80CF-A4BA65995611}.Debug|Any CPU.ActiveCfg = Debug|Any CPU
		{4EDEA0EC-9543-4E95-80CF-A4BA65995611}.Debug|Any CPU.Build.0 = Debug|Any CPU
		{4EDEA0EC-9543-4E95-80CF-A4BA65995611}.Release|Any CPU.ActiveCfg = Release|Any CPU
		{4EDEA0EC-9543-4E95-80CF-A4BA65995611}.Release|Any CPU.Build.0 = Release|Any CPU
		{C16C007B-5175-415B-878F-AF2AEF1A83F4}.Debug|Any CPU.ActiveCfg = Debug|Any CPU
		{C16C007B-5175-415B-878F-AF2AEF1A83F4}.Debug|Any CPU.Build.0 = Debug|Any CPU
		{C16C007B-5175-415B-878F-AF2AEF1A83F4}.Release|Any CPU.ActiveCfg = Release|Any CPU
		{C16C007B-5175-415B-878F-AF2AEF1A83F4}.Release|Any CPU.Build.0 = Release|Any CPU
		{E783BDCF-C09A-4DF5-90EA-47BF91DF1B6C}.Debug|Any CPU.ActiveCfg = Debug|Any CPU
		{E783BDCF-C09A-4DF5-90EA-47BF91DF1B6C}.Debug|Any CPU.Build.0 = Debug|Any CPU
		{E783BDCF-C09A-4DF5-90EA-47BF91DF1B6C}.Release|Any CPU.ActiveCfg = Release|Any CPU
		{E783BDCF-C09A-4DF5-90EA-47BF91DF1B6C}.Release|Any CPU.Build.0 = Release|Any CPU
		{F67A5157-EFD9-4AC2-92C5-5BCA0D341913}.Debug|Any CPU.ActiveCfg = Debug|Any CPU
		{F67A5157-EFD9-4AC2-92C5-5BCA0D341913}.Debug|Any CPU.Build.0 = Debug|Any CPU
		{F67A5157-EFD9-4AC2-92C5-5BCA0D341913}.Release|Any CPU.ActiveCfg = Release|Any CPU
		{F67A5157-EFD9-4AC2-92C5-5BCA0D341913}.Release|Any CPU.Build.0 = Release|Any CPU
		{2F6862A7-37EA-47F7-A5D0-FEB06FA063EC}.Debug|Any CPU.ActiveCfg = Debug|Any CPU
		{2F6862A7-37EA-47F7-A5D0-FEB06FA063EC}.Debug|Any CPU.Build.0 = Debug|Any CPU
		{2F6862A7-37EA-47F7-A5D0-FEB06FA063EC}.Release|Any CPU.ActiveCfg = Release|Any CPU
		{2F6862A7-37EA-47F7-A5D0-FEB06FA063EC}.Release|Any CPU.Build.0 = Release|Any CPU
		{99AE5B88-F8C8-4E70-AF47-3E41534E3337}.Debug|Any CPU.ActiveCfg = Debug|Any CPU
		{99AE5B88-F8C8-4E70-AF47-3E41534E3337}.Debug|Any CPU.Build.0 = Debug|Any CPU
		{99AE5B88-F8C8-4E70-AF47-3E41534E3337}.Release|Any CPU.ActiveCfg = Release|Any CPU
		{99AE5B88-F8C8-4E70-AF47-3E41534E3337}.Release|Any CPU.Build.0 = Release|Any CPU
		{E352F471-E4A5-4B02-9D53-C6D186CE6B01}.Debug|Any CPU.ActiveCfg = Debug|Any CPU
		{E352F471-E4A5-4B02-9D53-C6D186CE6B01}.Debug|Any CPU.Build.0 = Debug|Any CPU
		{E352F471-E4A5-4B02-9D53-C6D186CE6B01}.Release|Any CPU.ActiveCfg = Release|Any CPU
		{E352F471-E4A5-4B02-9D53-C6D186CE6B01}.Release|Any CPU.Build.0 = Release|Any CPU
		{B2736D47-C539-47FA-904B-10995A0DB47B}.Debug|Any CPU.ActiveCfg = Debug|Any CPU
		{B2736D47-C539-47FA-904B-10995A0DB47B}.Debug|Any CPU.Build.0 = Debug|Any CPU
		{B2736D47-C539-47FA-904B-10995A0DB47B}.Release|Any CPU.ActiveCfg = Release|Any CPU
		{B2736D47-C539-47FA-904B-10995A0DB47B}.Release|Any CPU.Build.0 = Release|Any CPU
		{9FB43C1D-74EC-4D49-8322-A21A979FE396}.Debug|Any CPU.ActiveCfg = Debug|Any CPU
		{9FB43C1D-74EC-4D49-8322-A21A979FE396}.Debug|Any CPU.Build.0 = Debug|Any CPU
		{9FB43C1D-74EC-4D49-8322-A21A979FE396}.Release|Any CPU.ActiveCfg = Release|Any CPU
		{9FB43C1D-74EC-4D49-8322-A21A979FE396}.Release|Any CPU.Build.0 = Release|Any CPU
		{2B6845AA-6133-441F-9690-4085749D43C4}.Debug|Any CPU.ActiveCfg = Debug|Any CPU
		{2B6845AA-6133-441F-9690-4085749D43C4}.Debug|Any CPU.Build.0 = Debug|Any CPU
		{2B6845AA-6133-441F-9690-4085749D43C4}.Release|Any CPU.ActiveCfg = Release|Any CPU
		{2B6845AA-6133-441F-9690-4085749D43C4}.Release|Any CPU.Build.0 = Release|Any CPU
		{AE8CFB67-674E-41E1-94EF-401BC54FCAE4}.Debug|Any CPU.ActiveCfg = Debug|Any CPU
		{AE8CFB67-674E-41E1-94EF-401BC54FCAE4}.Debug|Any CPU.Build.0 = Debug|Any CPU
		{AE8CFB67-674E-41E1-94EF-401BC54FCAE4}.Release|Any CPU.ActiveCfg = Release|Any CPU
		{AE8CFB67-674E-41E1-94EF-401BC54FCAE4}.Release|Any CPU.Build.0 = Release|Any CPU
		{110C6A01-08FE-4389-9544-4EACE158D1F0}.Debug|Any CPU.ActiveCfg = Debug|Any CPU
		{110C6A01-08FE-4389-9544-4EACE158D1F0}.Debug|Any CPU.Build.0 = Debug|Any CPU
		{110C6A01-08FE-4389-9544-4EACE158D1F0}.Release|Any CPU.ActiveCfg = Release|Any CPU
		{110C6A01-08FE-4389-9544-4EACE158D1F0}.Release|Any CPU.Build.0 = Release|Any CPU
		{32A01BD2-AA08-48FF-A52B-688579E38C87}.Debug|Any CPU.ActiveCfg = Debug|Any CPU
		{32A01BD2-AA08-48FF-A52B-688579E38C87}.Debug|Any CPU.Build.0 = Debug|Any CPU
		{32A01BD2-AA08-48FF-A52B-688579E38C87}.Release|Any CPU.ActiveCfg = Release|Any CPU
		{32A01BD2-AA08-48FF-A52B-688579E38C87}.Release|Any CPU.Build.0 = Release|Any CPU
		{F49E80AC-FDC9-4378-8268-C1C0BC074C54}.Debug|Any CPU.ActiveCfg = Debug|Any CPU
		{F49E80AC-FDC9-4378-8268-C1C0BC074C54}.Debug|Any CPU.Build.0 = Debug|Any CPU
		{F49E80AC-FDC9-4378-8268-C1C0BC074C54}.Release|Any CPU.ActiveCfg = Release|Any CPU
		{F49E80AC-FDC9-4378-8268-C1C0BC074C54}.Release|Any CPU.Build.0 = Release|Any CPU
		{539E861C-2A75-4DDC-950A-2CD2BBF7688C}.Debug|Any CPU.ActiveCfg = Debug|Any CPU
		{539E861C-2A75-4DDC-950A-2CD2BBF7688C}.Debug|Any CPU.Build.0 = Debug|Any CPU
		{539E861C-2A75-4DDC-950A-2CD2BBF7688C}.Release|Any CPU.ActiveCfg = Release|Any CPU
		{539E861C-2A75-4DDC-950A-2CD2BBF7688C}.Release|Any CPU.Build.0 = Release|Any CPU
		{9493945C-0C38-4870-917A-7CAF146AB3DF}.Debug|Any CPU.ActiveCfg = Debug|Any CPU
		{9493945C-0C38-4870-917A-7CAF146AB3DF}.Debug|Any CPU.Build.0 = Debug|Any CPU
		{9493945C-0C38-4870-917A-7CAF146AB3DF}.Release|Any CPU.ActiveCfg = Release|Any CPU
		{9493945C-0C38-4870-917A-7CAF146AB3DF}.Release|Any CPU.Build.0 = Release|Any CPU
		{B9E37DEB-5C51-4F28-B75A-1A174F8C1C91}.Debug|Any CPU.ActiveCfg = Debug|Any CPU
		{B9E37DEB-5C51-4F28-B75A-1A174F8C1C91}.Debug|Any CPU.Build.0 = Debug|Any CPU
		{B9E37DEB-5C51-4F28-B75A-1A174F8C1C91}.Release|Any CPU.ActiveCfg = Release|Any CPU
		{B9E37DEB-5C51-4F28-B75A-1A174F8C1C91}.Release|Any CPU.Build.0 = Release|Any CPU
		{37F9E371-6582-4E4B-A912-BDEF94D1FF8A}.Debug|Any CPU.ActiveCfg = Debug|Any CPU
		{37F9E371-6582-4E4B-A912-BDEF94D1FF8A}.Debug|Any CPU.Build.0 = Debug|Any CPU
		{37F9E371-6582-4E4B-A912-BDEF94D1FF8A}.Release|Any CPU.ActiveCfg = Release|Any CPU
		{37F9E371-6582-4E4B-A912-BDEF94D1FF8A}.Release|Any CPU.Build.0 = Release|Any CPU
		{CEBE178B-C2E4-48AC-A882-4F2967F21880}.Debug|Any CPU.ActiveCfg = Debug|Any CPU
		{CEBE178B-C2E4-48AC-A882-4F2967F21880}.Debug|Any CPU.Build.0 = Debug|Any CPU
		{CEBE178B-C2E4-48AC-A882-4F2967F21880}.Release|Any CPU.ActiveCfg = Release|Any CPU
		{CEBE178B-C2E4-48AC-A882-4F2967F21880}.Release|Any CPU.Build.0 = Release|Any CPU
		{D34FCD88-0049-4D6E-B9BA-286838829BCC}.Debug|Any CPU.ActiveCfg = Debug|Any CPU
		{D34FCD88-0049-4D6E-B9BA-286838829BCC}.Debug|Any CPU.Build.0 = Debug|Any CPU
		{D34FCD88-0049-4D6E-B9BA-286838829BCC}.Release|Any CPU.ActiveCfg = Release|Any CPU
		{D34FCD88-0049-4D6E-B9BA-286838829BCC}.Release|Any CPU.Build.0 = Release|Any CPU
	EndGlobalSection
	GlobalSection(SolutionProperties) = preSolution
		HideSolutionNode = FALSE
	EndGlobalSection
	GlobalSection(NestedProjects) = preSolution
		{4EDEA0EC-9543-4E95-80CF-A4BA65995611} = {88609E5F-759D-4A0A-9602-59B199544BDD}
		{C16C007B-5175-415B-878F-AF2AEF1A83F4} = {88609E5F-759D-4A0A-9602-59B199544BDD}
		{E783BDCF-C09A-4DF5-90EA-47BF91DF1B6C} = {88609E5F-759D-4A0A-9602-59B199544BDD}
		{F67A5157-EFD9-4AC2-92C5-5BCA0D341913} = {88609E5F-759D-4A0A-9602-59B199544BDD}
		{2F6862A7-37EA-47F7-A5D0-FEB06FA063EC} = {88609E5F-759D-4A0A-9602-59B199544BDD}
		{C59518AE-B414-4B35-9C00-6630BBC891C6} = {88609E5F-759D-4A0A-9602-59B199544BDD}
		{99AE5B88-F8C8-4E70-AF47-3E41534E3337} = {C59518AE-B414-4B35-9C00-6630BBC891C6}
		{E352F471-E4A5-4B02-9D53-C6D186CE6B01} = {C59518AE-B414-4B35-9C00-6630BBC891C6}
		{B2736D47-C539-47FA-904B-10995A0DB47B} = {C59518AE-B414-4B35-9C00-6630BBC891C6}
		{88FE1D22-17E1-4F1E-AC2E-B1A674F60FD5} = {88609E5F-759D-4A0A-9602-59B199544BDD}
		{9FB43C1D-74EC-4D49-8322-A21A979FE396} = {88FE1D22-17E1-4F1E-AC2E-B1A674F60FD5}
		{2B6845AA-6133-441F-9690-4085749D43C4} = {88FE1D22-17E1-4F1E-AC2E-B1A674F60FD5}
		{AE8CFB67-674E-41E1-94EF-401BC54FCAE4} = {88FE1D22-17E1-4F1E-AC2E-B1A674F60FD5}
		{110C6A01-08FE-4389-9544-4EACE158D1F0} = {88FE1D22-17E1-4F1E-AC2E-B1A674F60FD5}
		{BB2CC7EB-56B1-4E41-8309-D2B962BDB307} = {88609E5F-759D-4A0A-9602-59B199544BDD}
		{32A01BD2-AA08-48FF-A52B-688579E38C87} = {BB2CC7EB-56B1-4E41-8309-D2B962BDB307}
		{F49E80AC-FDC9-4378-8268-C1C0BC074C54} = {BB2CC7EB-56B1-4E41-8309-D2B962BDB307}
		{551B5F69-AC11-4A6F-ACF6-E5C181B14178} = {88609E5F-759D-4A0A-9602-59B199544BDD}
		{539E861C-2A75-4DDC-950A-2CD2BBF7688C} = {551B5F69-AC11-4A6F-ACF6-E5C181B14178}
		{9493945C-0C38-4870-917A-7CAF146AB3DF} = {551B5F69-AC11-4A6F-ACF6-E5C181B14178}
		{45E9B0D9-6794-4346-ACD1-FA5B452DE306} = {88609E5F-759D-4A0A-9602-59B199544BDD}
		{B9E37DEB-5C51-4F28-B75A-1A174F8C1C91} = {45E9B0D9-6794-4346-ACD1-FA5B452DE306}
		{37F9E371-6582-4E4B-A912-BDEF94D1FF8A} = {45E9B0D9-6794-4346-ACD1-FA5B452DE306}
		{22203369-7326-4AC2-B8C3-4AD1CF797342} = {88609E5F-759D-4A0A-9602-59B199544BDD}
		{CEBE178B-C2E4-48AC-A882-4F2967F21880} = {22203369-7326-4AC2-B8C3-4AD1CF797342}
		{2410D466-7B46-4C55-8746-240F9953A44F} = {88609E5F-759D-4A0A-9602-59B199544BDD}
		{D34FCD88-0049-4D6E-B9BA-286838829BCC} = {2410D466-7B46-4C55-8746-240F9953A44F}
	EndGlobalSection
	GlobalSection(ExtensibilityGlobals) = postSolution
		SolutionGuid = {C3E12094-698C-440B-84EF-5C61984411CF}
	EndGlobalSection
EndGlobal
